{
  "name": "rangesliderchart",
  "version": "1.0.0",
  "lockfileVersion": 1,
  "requires": true,
  "dependencies": {
    "nouislider": {
      "version": "10.1.0",
      "resolved": "https://registry.npmjs.org/nouislider/-/nouislider-10.1.0.tgz",
      "integrity": "sha512-lENwxlpoYg4/5gjdaY/PMNHeVL+CMJyrO+7RzXi1MqhSSGwuJsQSJteXCQV5bE2UKEdSLARWrqIF8XSWAq7h+A=="
    }
  }
}
